Microsoft Visual Studio Solution File, Format Version 11.00
# Visual Studio 2008

Project("{5C4896C0-C3FE-FB8E-F0B3-26E436790906}") = "demotest", "Assembly-CSharp-firstpass.csproj", "{898BFD0E-88F1-2D83-5090-83E2EB9088F0}"
EndProject
Project("{5C4896C0-C3FE-FB8E-F0B3-26E436790906}") = "demotest", "Assembly-CSharp.csproj", "{8D3B60F6-9DF5-BE29-99BF-9C2D5F9FB9D2}"
EndProject
Project("{5C4896C0-C3FE-FB8E-F0B3-26E436790906}") = "demotest", "Assembly-CSharp-Editor.csproj", "{37FFEB97-A872-87B0-BB0D-6A1673303DC4}"
EndProject
Global
	GlobalSection(SolutionConfigurationPlatforms) = preSolution
		Debug|Any CPU = Debug|Any CPU
		Release|Any CPU = Release|Any CPU
	EndGlobalSection
	GlobalSection(ProjectConfigurationPlatforms) = postSolution
		{898BFD0E-88F1-2D83-5090-83E2EB9088F0}.Debug|Any CPU.ActiveCfg = Debug|Any CPU
		{898BFD0E-88F1-2D83-5090-83E2EB9088F0}.Debug|Any CPU.Build.0 = Debug|Any CPU
		{898BFD0E-88F1-2D83-5090-83E2EB9088F0}.Release|Any CPU.ActiveCfg = Release|Any CPU
		{898BFD0E-88F1-2D83-5090-83E2EB9088F0}.Release|Any CPU.Build.0 = Release|Any CPU
		{8D3B60F6-9DF5-BE29-99BF-9C2D5F9FB9D2}.Debug|Any CPU.ActiveCfg = Debug|Any CPU
		{8D3B60F6-9DF5-BE29-99BF-9C2D5F9FB9D2}.Debug|Any CPU.Build.0 = Debug|Any CPU
		{8D3B60F6-9DF5-BE29-99BF-9C2D5F9FB9D2}.Release|Any CPU.ActiveCfg = Release|Any CPU
		{8D3B60F6-9DF5-BE29-99BF-9C2D5F9FB9D2}.Release|Any CPU.Build.0 = Release|Any CPU
		{37FFEB97-A872-87B0-BB0D-6A1673303DC4}.Debug|Any CPU.ActiveCfg = Debug|Any CPU
		{37FFEB97-A872-87B0-BB0D-6A1673303DC4}.Debug|Any CPU.Build.0 = Debug|Any CPU
		{37FFEB97-A872-87B0-BB0D-6A1673303DC4}.Release|Any CPU.ActiveCfg = Release|Any CPU
		{37FFEB97-A872-87B0-BB0D-6A1673303DC4}.Release|Any CPU.Build.0 = Release|Any CPU
	EndGlobalSection
	GlobalSection(SolutionProperties) = preSolution
		HideSolutionNode = FALSE
	EndGlobalSection
	GlobalSection(MonoDevelopProperties) = preSolution
		StartupItem = Assembly-CSharp.csproj
	EndGlobalSection
EndGlobal
